
Microsoft Visual Studio Solution File, Format Version 12.00
# Visual Studio Version 16
VisualStudioVersion = 16.0.31702.278
MinimumVisualStudioVersion = 10.0.40219.1
Project("{9A19103F-16F7-4668-BE54-9A1E7A4F7556}") = "MovieDbInf.API", "MovieDbInf.Api\MovieDbInf.API.csproj", "{12B5F233-31A7-4CB3-B783-5582881AA75D}"
EndProject
Project("{9A19103F-16F7-4668-BE54-9A1E7A4F7556}") = "MovieDbInf.Application", "MovieDbInf.Application\MovieDbInf.Application.csproj", "{D8DDC721-08CB-4FFD-B187-373C216A346A}"
EndProject
Project("{9A19103F-16F7-4668-BE54-9A1E7A4F7556}") = "MovieDbInf.Domain", "MovieDbInf.Domain\MovieDbInf.Domain.csproj", "{A602F300-622B-4B46-A70C-772D95CB0C65}"
EndProject
Project("{9A19103F-16F7-4668-BE54-9A1E7A4F7556}") = "MovieDbInf.Infrastructure", "MovieDbInf.Infrastructure\MovieDbInf.Infrastructure.csproj", "{56048920-225D-4E19-8C89-E965986BBCEA}"
EndProject
Project("{FAE04EC0-301F-11D3-BF4B-00C04F79EFBC}") = "MovieDbInf.TestRepository", "MovieDbInf.TestRepository\MovieDbInf.TestRepository.csproj", "{ADB66077-0EE4-4234-AF47-772105269100}"
EndProject
Global
	GlobalSection(SolutionConfigurationPlatforms) = preSolution
		Debug|Any CPU = Debug|Any CPU
		Release|Any CPU = Release|Any CPU
	EndGlobalSection
	GlobalSection(ProjectConfigurationPlatforms) = postSolution
		{12B5F233-31A7-4CB3-B783-5582881AA75D}.Debug|Any CPU.ActiveCfg = Debug|Any CPU
		{12B5F233-31A7-4CB3-B783-5582881AA75D}.Debug|Any CPU.Build.0 = Debug|Any CPU
		{12B5F233-31A7-4CB3-B783-5582881AA75D}.Release|Any CPU.ActiveCfg = Release|Any CPU
		{12B5F233-31A7-4CB3-B783-5582881AA75D}.Release|Any CPU.Build.0 = Release|Any CPU
		{D8DDC721-08CB-4FFD-B187-373C216A346A}.Debug|Any CPU.ActiveCfg = Debug|Any CPU
		{D8DDC721-08CB-4FFD-B187-373C216A346A}.Debug|Any CPU.Build.0 = Debug|Any CPU
		{D8DDC721-08CB-4FFD-B187-373C216A346A}.Release|Any CPU.ActiveCfg = Release|Any CPU
		{D8DDC721-08CB-4FFD-B187-373C216A346A}.Release|Any CPU.Build.0 = Release|Any CPU
		{A602F300-622B-4B46-A70C-772D95CB0C65}.Debug|Any CPU.ActiveCfg = Debug|Any CPU
		{A602F300-622B-4B46-A70C-772D95CB0C65}.Debug|Any CPU.Build.0 = Debug|Any CPU
		{A602F300-622B-4B46-A70C-772D95CB0C65}.Release|Any CPU.ActiveCfg = Release|Any CPU
		{A602F300-622B-4B46-A70C-772D95CB0C65}.Release|Any CPU.Build.0 = Release|Any CPU
		{56048920-225D-4E19-8C89-E965986BBCEA}.Debug|Any CPU.ActiveCfg = Debug|Any CPU
		{56048920-225D-4E19-8C89-E965986BBCEA}.Debug|Any CPU.Build.0 = Debug|Any CPU
		{56048920-225D-4E19-8C89-E965986BBCEA}.Release|Any CPU.ActiveCfg = Release|Any CPU
		{56048920-225D-4E19-8C89-E965986BBCEA}.Release|Any CPU.Build.0 = Release|Any CPU
		{ADB66077-0EE4-4234-AF47-772105269100}.Debug|Any CPU.ActiveCfg = Debug|Any CPU
		{ADB66077-0EE4-4234-AF47-772105269100}.Debug|Any CPU.Build.0 = Debug|Any CPU
		{ADB66077-0EE4-4234-AF47-772105269100}.Release|Any CPU.ActiveCfg = Release|Any CPU
		{ADB66077-0EE4-4234-AF47-772105269100}.Release|Any CPU.Build.0 = Release|Any CPU
	EndGlobalSection
	GlobalSection(SolutionProperties) = preSolution
		HideSolutionNode = FALSE
	EndGlobalSection
	GlobalSection(ExtensibilityGlobals) = postSolution
		SolutionGuid = {F2F55933-6D8B-42BD-A4E0-452960A950F1}
	EndGlobalSection
EndGlobal
